
Microsoft Visual Studio Solution File, Format Version 12.00
# Visual Studio Version 16
VisualStudioVersion = 16.0.31515.178
MinimumVisualStudioVersion = 10.0.40219.1
Project("{8BC9CEB8-8B4A-11D0-8D11-00A0C91BC942}") = "eagledynamics", "eagledynamics\eagledynamics.vcxproj", "{ADF5FB27-8C79-4DBE-ABDC-5BA087028AAA}"
EndProject
Global
	GlobalSection(SolutionConfigurationPlatforms) = preSolution
		Debug|x64 = Debug|x64
		Debug|x86 = Debug|x86
		Release|x64 = Release|x64
		Release|x86 = Release|x86
	EndGlobalSection
	GlobalSection(ProjectConfigurationPlatforms) = postSolution
		{ADF5FB27-8C79-4DBE-ABDC-5BA087028AAA}.Debug|x64.ActiveCfg = Debug|x64
		{ADF5FB27-8C79-4DBE-ABDC-5BA087028AAA}.Debug|x64.Build.0 = Debug|x64
		{ADF5FB27-8C79-4DBE-ABDC-5BA087028AAA}.Debug|x86.ActiveCfg = Debug|Win32
		{ADF5FB27-8C79-4DBE-ABDC-5BA087028AAA}.Debug|x86.Build.0 = Debug|Win32
		{ADF5FB27-8C79-4DBE-ABDC-5BA087028AAA}.Release|x64.ActiveCfg = Release|x64
		{ADF5FB27-8C79-4DBE-ABDC-5BA087028AAA}.Release|x64.Build.0 = Release|x64
		{ADF5FB27-8C79-4DBE-ABDC-5BA087028AAA}.Release|x86.ActiveCfg = Release|Win32
		{ADF5FB27-8C79-4DBE-ABDC-5BA087028AAA}.Release|x86.Build.0 = Release|Win32
	EndGlobalSection
	GlobalSection(SolutionProperties) = preSolution
		HideSolutionNode = FALSE
	EndGlobalSection
	GlobalSection(ExtensibilityGlobals) = postSolution
		SolutionGuid = {003BD23B-D55B-496C-8A60-46F2ED00DD35}
	EndGlobalSection
EndGlobal
